
Microsoft Visual Studio Solution File, Format Version 12.00
# Visual Studio Version 16
VisualStudioVersion = 16.0.30204.135
MinimumVisualStudioVersion = 10.0.40219.1
Project("{FAE04EC0-301F-11D3-BF4B-00C04F79EFBC}") = "VeritabansizBilgiYarismasi", "VeritabansizBilgiYarismasi.csproj", "{66A38F19-0450-4422-978C-27CDC810FB9A}"
EndProject
Project("{54435603-DBB4-11D2-8724-00A0C9A8B90C}") = "BilgiYarismasiSetup", "..\BilgiYarismasiSetup\BilgiYarismasiSetup.vdproj", "{F64D8DAE-7076-4FBD-82AA-DD5D2E3A6ACA}"
EndProject
Global
	GlobalSection(SolutionConfigurationPlatforms) = preSolution
		Debug|Any CPU = Debug|Any CPU
		Release|Any CPU = Release|Any CPU
	EndGlobalSection
	GlobalSection(ProjectConfigurationPlatforms) = postSolution
		{66A38F19-0450-4422-978C-27CDC810FB9A}.Debug|Any CPU.ActiveCfg = Debug|Any CPU
		{66A38F19-0450-4422-978C-27CDC810FB9A}.Debug|Any CPU.Build.0 = Debug|Any CPU
		{66A38F19-0450-4422-978C-27CDC810FB9A}.Release|Any CPU.ActiveCfg = Release|Any CPU
		{66A38F19-0450-4422-978C-27CDC810FB9A}.Release|Any CPU.Build.0 = Release|Any CPU
		{F64D8DAE-7076-4FBD-82AA-DD5D2E3A6ACA}.Debug|Any CPU.ActiveCfg = Debug
		{F64D8DAE-7076-4FBD-82AA-DD5D2E3A6ACA}.Release|Any CPU.ActiveCfg = Release
	EndGlobalSection
	GlobalSection(SolutionProperties) = preSolution
		HideSolutionNode = FALSE
	EndGlobalSection
	GlobalSection(ExtensibilityGlobals) = postSolution
		SolutionGuid = {DEBC1194-4366-4510-8F31-DB38A6BC229F}
	EndGlobalSection
EndGlobal
